
Microsoft Visual Studio Solution File, Format Version 10.00
# Visual Studio 2008
Project("{FAE04EC0-301F-11D3-BF4B-00C04F79EFBC}") = "DotNetHack.Core", "DotNetHack.Core\DotNetHack.Core.csproj", "{2B06942B-EA7A-4FE7-ABDF-B57544C31CA1}"
EndProject
Project("{FAE04EC0-301F-11D3-BF4B-00C04F79EFBC}") = "DotNetHack.Engine", "DotNetHack.GameEngine\DotNetHack.Engine.csproj", "{5C263A08-247E-4454-9710-A16A521A6BA5}"
EndProject
Project("{FAE04EC0-301F-11D3-BF4B-00C04F79EFBC}") = "DotNetHack.Data", "DotNetHack.Data\DotNetHack.Data.csproj", "{BE13084A-561B-4B51-B546-68D662D64AF3}"
EndProject
Project("{FAE04EC0-301F-11D3-BF4B-00C04F79EFBC}") = "DotNetHack.Serialization", "DotNetHack.Serialization\DotNetHack.Serialization.csproj", "{106C5C8B-952D-4507-8E1C-8FDB981B8FB3}"
EndProject
Project("{FAE04EC0-301F-11D3-BF4B-00C04F79EFBC}") = "DotNetHack.AI", "DotNetHack.AI\DotNetHack.AI.csproj", "{157A18FF-68CD-4C29-8F16-B0B85FBC13BA}"
EndProject
Project("{2150E333-8FDC-42A3-9474-1A3956D46DE8}") = "Plugins", "Plugins", "{3B9C617D-F680-4713-BCB2-E80FA7B0B881}"
EndProject
Project("{FAE04EC0-301F-11D3-BF4B-00C04F79EFBC}") = "DotNetHack.Plugin", "Plugins\DotNetHack.Plugin\DotNetHack.Plugin.csproj", "{EA25AAA4-507F-4CFA-AB6D-ABC7F59D941A}"
EndProject
Project("{FAE04EC0-301F-11D3-BF4B-00C04F79EFBC}") = "DotNetHack", "DotNetHack\DotNetHack.csproj", "{2521E1C3-B45C-496D-A251-B50ADE00D4A6}"
EndProject
Global
	GlobalSection(SolutionConfigurationPlatforms) = preSolution
		Debug|x86 = Debug|x86
		Release|x86 = Release|x86
	EndGlobalSection
	GlobalSection(ProjectConfigurationPlatforms) = postSolution
		{106C5C8B-952D-4507-8E1C-8FDB981B8FB3}.Debug|x86.ActiveCfg = Debug|Any CPU
		{106C5C8B-952D-4507-8E1C-8FDB981B8FB3}.Debug|x86.Build.0 = Debug|Any CPU
		{106C5C8B-952D-4507-8E1C-8FDB981B8FB3}.Release|x86.ActiveCfg = Release|Any CPU
		{106C5C8B-952D-4507-8E1C-8FDB981B8FB3}.Release|x86.Build.0 = Release|Any CPU
		{157A18FF-68CD-4C29-8F16-B0B85FBC13BA}.Debug|x86.ActiveCfg = Debug|Any CPU
		{157A18FF-68CD-4C29-8F16-B0B85FBC13BA}.Debug|x86.Build.0 = Debug|Any CPU
		{157A18FF-68CD-4C29-8F16-B0B85FBC13BA}.Release|x86.ActiveCfg = Release|Any CPU
		{157A18FF-68CD-4C29-8F16-B0B85FBC13BA}.Release|x86.Build.0 = Release|Any CPU
		{2521E1C3-B45C-496D-A251-B50ADE00D4A6}.Debug|x86.ActiveCfg = Debug|x86
		{2521E1C3-B45C-496D-A251-B50ADE00D4A6}.Debug|x86.Build.0 = Debug|x86
		{2521E1C3-B45C-496D-A251-B50ADE00D4A6}.Release|x86.ActiveCfg = Release|x86
		{2521E1C3-B45C-496D-A251-B50ADE00D4A6}.Release|x86.Build.0 = Release|x86
		{2B06942B-EA7A-4FE7-ABDF-B57544C31CA1}.Debug|x86.ActiveCfg = Debug|Any CPU
		{2B06942B-EA7A-4FE7-ABDF-B57544C31CA1}.Debug|x86.Build.0 = Debug|Any CPU
		{2B06942B-EA7A-4FE7-ABDF-B57544C31CA1}.Release|x86.ActiveCfg = Release|Any CPU
		{2B06942B-EA7A-4FE7-ABDF-B57544C31CA1}.Release|x86.Build.0 = Release|Any CPU
		{5C263A08-247E-4454-9710-A16A521A6BA5}.Debug|x86.ActiveCfg = Debug|Any CPU
		{5C263A08-247E-4454-9710-A16A521A6BA5}.Debug|x86.Build.0 = Debug|Any CPU
		{5C263A08-247E-4454-9710-A16A521A6BA5}.Release|x86.ActiveCfg = Release|Any CPU
		{5C263A08-247E-4454-9710-A16A521A6BA5}.Release|x86.Build.0 = Release|Any CPU
		{BE13084A-561B-4B51-B546-68D662D64AF3}.Debug|x86.ActiveCfg = Debug|Any CPU
		{BE13084A-561B-4B51-B546-68D662D64AF3}.Debug|x86.Build.0 = Debug|Any CPU
		{BE13084A-561B-4B51-B546-68D662D64AF3}.Release|x86.ActiveCfg = Release|Any CPU
		{BE13084A-561B-4B51-B546-68D662D64AF3}.Release|x86.Build.0 = Release|Any CPU
		{EA25AAA4-507F-4CFA-AB6D-ABC7F59D941A}.Debug|x86.ActiveCfg = Debug|Any CPU
		{EA25AAA4-507F-4CFA-AB6D-ABC7F59D941A}.Debug|x86.Build.0 = Debug|Any CPU
		{EA25AAA4-507F-4CFA-AB6D-ABC7F59D941A}.Release|x86.ActiveCfg = Release|Any CPU
		{EA25AAA4-507F-4CFA-AB6D-ABC7F59D941A}.Release|x86.Build.0 = Release|Any CPU
	EndGlobalSection
	GlobalSection(NestedProjects) = preSolution
		{EA25AAA4-507F-4CFA-AB6D-ABC7F59D941A} = {3B9C617D-F680-4713-BCB2-E80FA7B0B881}
	EndGlobalSection
	GlobalSection(MonoDevelopProperties) = preSolution
		StartupItem = DotNetHack.Core\DotNetHack.Core.csproj
		Policies = $0
		$0.TextStylePolicy = $1
		$1.inheritsSet = VisualStudio
		$1.inheritsScope = text/plain
		$1.scope = text/x-csharp
		$0.CSharpFormattingPolicy = $2
		$2.IndentSwitchBody = True
		$2.AnonymousMethodBraceStyle = NextLine
		$2.PropertyBraceStyle = NextLine
		$2.PropertyGetBraceStyle = NextLine
		$2.PropertySetBraceStyle = NextLine
		$2.EventBraceStyle = NextLine
		$2.EventAddBraceStyle = NextLine
		$2.EventRemoveBraceStyle = NextLine
		$2.StatementBraceStyle = NextLine
		$2.ElseNewLinePlacement = NewLine
		$2.ElseIfNewLinePlacement = SameLine
		$2.CatchNewLinePlacement = NewLine
		$2.FinallyNewLinePlacement = NewLine
		$2.ArrayInitializerBraceStyle = NextLine
		$2.BeforeMethodDeclarationParentheses = False
		$2.BeforeMethodCallParentheses = False
		$2.BeforeConstructorDeclarationParentheses = False
		$2.BeforeDelegateDeclarationParentheses = False
		$2.NewParentheses = False
		$2.inheritsSet = Mono
		$2.inheritsScope = text/x-csharp
		$2.scope = text/x-csharp
		$0.TextStylePolicy = $3
		$3.FileWidth = 120
		$3.inheritsSet = VisualStudio
		$3.inheritsScope = text/plain
		$3.scope = text/plain
		$0.StandardHeader = $4
		$4.Text = @\n ${FileName}\n \n Author:\n      ${AuthorName} <${AuthorEmail}>\n \n Copyright (c) ${Year} ${CopyrightHolder}\n\n This program is free software: you can redistribute it and/or modify\n it under the terms of the GNU Lesser General Public License as published by\n the Free Software Foundation, either version 3 of the License, or\n (at your option) any later version.\n\n This program is distributed in the hope that it will be useful,\n but WITHOUT ANY WARRANTY; without even the implied warranty of\n MERCHANTABILITY or FITNESS FOR A PARTICULAR PURPOSE.  See the\n GNU Lesser General Public License for more details.\n\n You should have received a copy of the GNU Lesser General Public License\n along with this program.  If not, see <http://www.gnu.org/licenses/>.
		$4.IncludeInNewFiles = True
		$0.NameConventionPolicy = $5
		$5.Rules = $6
		$6.NamingRule = $7
		$7.Name = Namespaces
		$7.AffectedEntity = Namespace
		$7.VisibilityMask = VisibilityMask
		$7.NamingStyle = PascalCase
		$7.IncludeInstanceMembers = True
		$7.IncludeStaticEntities = True
		$6.NamingRule = $8
		$8.Name = Types
		$8.AffectedEntity = Class, Struct, Enum, Delegate
		$8.VisibilityMask = VisibilityMask
		$8.NamingStyle = PascalCase
		$8.IncludeInstanceMembers = True
		$8.IncludeStaticEntities = True
		$6.NamingRule = $9
		$9.Name = Interfaces
		$9.RequiredPrefixes = $10
		$10.String = I
		$9.AffectedEntity = Interface
		$9.VisibilityMask = VisibilityMask
		$9.NamingStyle = PascalCase
		$9.IncludeInstanceMembers = True
		$9.IncludeStaticEntities = True
		$6.NamingRule = $11
		$11.Name = Attributes
		$11.RequiredSuffixes = $12
		$12.String = Attribute
		$11.AffectedEntity = CustomAttributes
		$11.VisibilityMask = VisibilityMask
		$11.NamingStyle = PascalCase
		$11.IncludeInstanceMembers = True
		$11.IncludeStaticEntities = True
		$6.NamingRule = $13
		$13.Name = Event Arguments
		$13.RequiredSuffixes = $14
		$14.String = EventArgs
		$13.AffectedEntity = CustomEventArgs
		$13.VisibilityMask = VisibilityMask
		$13.NamingStyle = PascalCase
		$13.IncludeInstanceMembers = True
		$13.IncludeStaticEntities = True
		$6.NamingRule = $15
		$15.Name = Exceptions
		$15.RequiredSuffixes = $16
		$16.String = Exception
		$15.AffectedEntity = CustomExceptions
		$15.VisibilityMask = VisibilityMask
		$15.NamingStyle = PascalCase
		$15.IncludeInstanceMembers = True
		$15.IncludeStaticEntities = True
		$6.NamingRule = $17
		$17.Name = Methods
		$17.AffectedEntity = Methods
		$17.VisibilityMask = VisibilityMask
		$17.NamingStyle = PascalCase
		$17.IncludeInstanceMembers = True
		$17.IncludeStaticEntities = True
		$6.NamingRule = $18
		$18.Name = Static Readonly Fields
		$18.AffectedEntity = ReadonlyField
		$18.VisibilityMask = Internal, Protected, Public
		$18.NamingStyle = PascalCase
		$18.IncludeInstanceMembers = False
		$18.IncludeStaticEntities = True
		$6.NamingRule = $19
		$19.Name = Fields (Non Private)
		$19.AffectedEntity = Field
		$19.VisibilityMask = Internal, Protected, Public
		$19.NamingStyle = PascalCase
		$19.IncludeInstanceMembers = True
		$19.IncludeStaticEntities = True
		$6.NamingRule = $20
		$20.Name = ReadOnly Fields (Non Private)
		$20.AffectedEntity = ReadonlyField
		$20.VisibilityMask = Internal, Protected, Public
		$20.NamingStyle = PascalCase
		$20.IncludeInstanceMembers = True
		$20.IncludeStaticEntities = False
		$6.NamingRule = $21
		$21.Name = Fields (Private)
		$21.AllowedPrefixes = $22
		$22.String = _
		$22.String = m_
		$21.AffectedEntity = Field, ReadonlyField
		$21.VisibilityMask = Private
		$21.NamingStyle = CamelCase
		$21.IncludeInstanceMembers = True
		$21.IncludeStaticEntities = False
		$6.NamingRule = $23
		$23.Name = Static Fields (Private)
		$23.AffectedEntity = Field
		$23.VisibilityMask = Private
		$23.NamingStyle = CamelCase
		$23.IncludeInstanceMembers = False
		$23.IncludeStaticEntities = True
		$6.NamingRule = $24
		$24.Name = ReadOnly Fields (Private)
		$24.AllowedPrefixes = $25
		$25.String = _
		$25.String = m_
		$24.AffectedEntity = ReadonlyField
		$24.VisibilityMask = Private
		$24.NamingStyle = CamelCase
		$24.IncludeInstanceMembers = True
		$24.IncludeStaticEntities = False
		$6.NamingRule = $26
		$26.Name = Constant Fields
		$26.AffectedEntity = ConstantField
		$26.VisibilityMask = VisibilityMask
		$26.NamingStyle = PascalCase
		$26.IncludeInstanceMembers = True
		$26.IncludeStaticEntities = True
		$6.NamingRule = $27
		$27.Name = Properties
		$27.AffectedEntity = Property
		$27.VisibilityMask = VisibilityMask
		$27.NamingStyle = PascalCase
		$27.IncludeInstanceMembers = True
		$27.IncludeStaticEntities = True
		$6.NamingRule = $28
		$28.Name = Events
		$28.AffectedEntity = Event
		$28.VisibilityMask = VisibilityMask
		$28.NamingStyle = PascalCase
		$28.IncludeInstanceMembers = True
		$28.IncludeStaticEntities = True
		$6.NamingRule = $29
		$29.Name = Enum Members
		$29.AffectedEntity = EnumMember
		$29.VisibilityMask = VisibilityMask
		$29.NamingStyle = PascalCase
		$29.IncludeInstanceMembers = True
		$29.IncludeStaticEntities = True
		$6.NamingRule = $30
		$30.Name = Parameters
		$30.AffectedEntity = Parameter
		$30.VisibilityMask = VisibilityMask
		$30.NamingStyle = CamelCase
		$30.IncludeInstanceMembers = True
		$30.IncludeStaticEntities = True
		$6.NamingRule = $31
		$31.Name = Type Parameters
		$31.RequiredPrefixes = $32
		$32.String = T
		$31.AffectedEntity = TypeParameter
		$31.VisibilityMask = VisibilityMask
		$31.NamingStyle = PascalCase
		$31.IncludeInstanceMembers = True
		$31.IncludeStaticEntities = True
	EndGlobalSection
EndGlobal
