
Microsoft Visual Studio Solution File, Format Version 12.00
# Visual Studio 2012
Project("{2150E333-8FDC-42A3-9474-1A3956D46DE8}") = "Server", "Server", "{BD007020-035B-4000-AAF8-7D226D046184}"
EndProject
Project("{2150E333-8FDC-42A3-9474-1A3956D46DE8}") = "Shared", "Shared", "{AF214DC9-05AA-4B3E-A857-83E7C6CD3DDF}"
EndProject
Project("{FAE04EC0-301F-11D3-BF4B-00C04F79EFBC}") = "DotNetHack.Serialization", "Shared\DotNetHack.Serialization\DotNetHack.Serialization.csproj", "{FC69FF51-F478-4488-AA58-B01662550FD4}"
EndProject
Project("{2150E333-8FDC-42A3-9474-1A3956D46DE8}") = "Test", "Test", "{9363FA18-9C70-42BD-A21B-B95C68899F20}"
EndProject
Project("{FAE04EC0-301F-11D3-BF4B-00C04F79EFBC}") = "DotNetHack.RPC", "Shared\DotNetHack.RPC\DotNetHack.RPC.csproj", "{1F5C76D1-D897-44A5-9EEA-3D5BD36732B6}"
EndProject
Project("{FAE04EC0-301F-11D3-BF4B-00C04F79EFBC}") = "DotNetHack.Server.CoreLib", "Server\DotNetHack.Server.CoreLib\DotNetHack.Server.CoreLib.csproj", "{ED7ACBA7-4530-4603-9861-8E35660CCCBB}"
EndProject
Project("{FAE04EC0-301F-11D3-BF4B-00C04F79EFBC}") = "Server.CoreLib.Test", "Test\Server.CoreLib.Test\Server.CoreLib.Test.csproj", "{447CE3E8-FDD3-40A0-9DF9-2593FC970A96}"
EndProject
Project("{2150E333-8FDC-42A3-9474-1A3956D46DE8}") = "Client", "Client", "{F6F18940-39C9-454D-9556-B2050998693A}"
EndProject
Project("{FAE04EC0-301F-11D3-BF4B-00C04F79EFBC}") = "DotNetHack", "Client\DotNetHack\DotNetHack.csproj", "{B675A736-52FB-435E-953F-DA660D6D38FC}"
EndProject
Global
	GlobalSection(SolutionConfigurationPlatforms) = preSolution
		Debug|Any CPU = Debug|Any CPU
		Release|Any CPU = Release|Any CPU
	EndGlobalSection
	GlobalSection(ProjectConfigurationPlatforms) = postSolution
		{FC69FF51-F478-4488-AA58-B01662550FD4}.Debug|Any CPU.ActiveCfg = Debug|Any CPU
		{FC69FF51-F478-4488-AA58-B01662550FD4}.Debug|Any CPU.Build.0 = Debug|Any CPU
		{FC69FF51-F478-4488-AA58-B01662550FD4}.Release|Any CPU.ActiveCfg = Release|Any CPU
		{FC69FF51-F478-4488-AA58-B01662550FD4}.Release|Any CPU.Build.0 = Release|Any CPU
		{1F5C76D1-D897-44A5-9EEA-3D5BD36732B6}.Debug|Any CPU.ActiveCfg = Debug|Any CPU
		{1F5C76D1-D897-44A5-9EEA-3D5BD36732B6}.Debug|Any CPU.Build.0 = Debug|Any CPU
		{1F5C76D1-D897-44A5-9EEA-3D5BD36732B6}.Release|Any CPU.ActiveCfg = Release|Any CPU
		{1F5C76D1-D897-44A5-9EEA-3D5BD36732B6}.Release|Any CPU.Build.0 = Release|Any CPU
		{ED7ACBA7-4530-4603-9861-8E35660CCCBB}.Debug|Any CPU.ActiveCfg = Debug|Any CPU
		{ED7ACBA7-4530-4603-9861-8E35660CCCBB}.Debug|Any CPU.Build.0 = Debug|Any CPU
		{ED7ACBA7-4530-4603-9861-8E35660CCCBB}.Release|Any CPU.ActiveCfg = Release|Any CPU
		{ED7ACBA7-4530-4603-9861-8E35660CCCBB}.Release|Any CPU.Build.0 = Release|Any CPU
		{447CE3E8-FDD3-40A0-9DF9-2593FC970A96}.Debug|Any CPU.ActiveCfg = Debug|Any CPU
		{447CE3E8-FDD3-40A0-9DF9-2593FC970A96}.Debug|Any CPU.Build.0 = Debug|Any CPU
		{447CE3E8-FDD3-40A0-9DF9-2593FC970A96}.Release|Any CPU.ActiveCfg = Release|Any CPU
		{447CE3E8-FDD3-40A0-9DF9-2593FC970A96}.Release|Any CPU.Build.0 = Release|Any CPU
		{B675A736-52FB-435E-953F-DA660D6D38FC}.Debug|Any CPU.ActiveCfg = Debug|Any CPU
		{B675A736-52FB-435E-953F-DA660D6D38FC}.Debug|Any CPU.Build.0 = Debug|Any CPU
		{B675A736-52FB-435E-953F-DA660D6D38FC}.Release|Any CPU.ActiveCfg = Release|Any CPU
		{B675A736-52FB-435E-953F-DA660D6D38FC}.Release|Any CPU.Build.0 = Release|Any CPU
	EndGlobalSection
	GlobalSection(SolutionProperties) = preSolution
		HideSolutionNode = FALSE
	EndGlobalSection
	GlobalSection(NestedProjects) = preSolution
		{ED7ACBA7-4530-4603-9861-8E35660CCCBB} = {BD007020-035B-4000-AAF8-7D226D046184}
		{FC69FF51-F478-4488-AA58-B01662550FD4} = {AF214DC9-05AA-4B3E-A857-83E7C6CD3DDF}
		{1F5C76D1-D897-44A5-9EEA-3D5BD36732B6} = {AF214DC9-05AA-4B3E-A857-83E7C6CD3DDF}
		{447CE3E8-FDD3-40A0-9DF9-2593FC970A96} = {9363FA18-9C70-42BD-A21B-B95C68899F20}
		{B675A736-52FB-435E-953F-DA660D6D38FC} = {F6F18940-39C9-454D-9556-B2050998693A}
	EndGlobalSection
EndGlobal
